
Microsoft Visual Studio Solution File, Format Version 12.00
# Visual Studio 15
VisualStudioVersion = 15.0.26730.16
MinimumVisualStudioVersion = 10.0.40219.1
Project("{9A19103F-16F7-4668-BE54-9A1E7A4F7556}") = "Reinforced.Typings.NETCore", "Reinforced.Typings\Reinforced.Typings.NETCore.csproj", "{ADDC2C7F-C429-4772-A00C-0587B9DEC2EB}"
EndProject
Project("{9A19103F-16F7-4668-BE54-9A1E7A4F7556}") = "Reinforced.Typings.Cli.NETCore", "Reinforced.Typings.Cli\Reinforced.Typings.Cli.NETCore.csproj", "{E69ACAC0-16DB-4AB9-BB4A-03EC33538D1E}"
EndProject
Project("{9A19103F-16F7-4668-BE54-9A1E7A4F7556}") = "Reinforced.Typings.Integrate.NETCore", "Reinforced.Typings.Integrate\Reinforced.Typings.Integrate.NETCore.csproj", "{836424C9-8003-4C0F-84E1-2C17FE498648}"
EndProject
Global
	GlobalSection(SolutionConfigurationPlatforms) = preSolution
		Debug|Any CPU = Debug|Any CPU
		Debug|x64 = Debug|x64
		Debug|x86 = Debug|x86
		Release|Any CPU = Release|Any CPU
		Release|x64 = Release|x64
		Release|x86 = Release|x86
	EndGlobalSection
	GlobalSection(ProjectConfigurationPlatforms) = postSolution
		{ADDC2C7F-C429-4772-A00C-0587B9DEC2EB}.Debug|Any CPU.ActiveCfg = Debug|Any CPU
		{ADDC2C7F-C429-4772-A00C-0587B9DEC2EB}.Debug|Any CPU.Build.0 = Debug|Any CPU
		{ADDC2C7F-C429-4772-A00C-0587B9DEC2EB}.Debug|x64.ActiveCfg = Debug|x64
		{ADDC2C7F-C429-4772-A00C-0587B9DEC2EB}.Debug|x64.Build.0 = Debug|x64
		{ADDC2C7F-C429-4772-A00C-0587B9DEC2EB}.Debug|x86.ActiveCfg = Debug|x86
		{ADDC2C7F-C429-4772-A00C-0587B9DEC2EB}.Debug|x86.Build.0 = Debug|x86
		{ADDC2C7F-C429-4772-A00C-0587B9DEC2EB}.Release|Any CPU.ActiveCfg = Release|Any CPU
		{ADDC2C7F-C429-4772-A00C-0587B9DEC2EB}.Release|Any CPU.Build.0 = Release|Any CPU
		{ADDC2C7F-C429-4772-A00C-0587B9DEC2EB}.Release|x64.ActiveCfg = Release|x64
		{ADDC2C7F-C429-4772-A00C-0587B9DEC2EB}.Release|x64.Build.0 = Release|x64
		{ADDC2C7F-C429-4772-A00C-0587B9DEC2EB}.Release|x86.ActiveCfg = Release|x86
		{ADDC2C7F-C429-4772-A00C-0587B9DEC2EB}.Release|x86.Build.0 = Release|x86
		{E69ACAC0-16DB-4AB9-BB4A-03EC33538D1E}.Debug|Any CPU.ActiveCfg = Debug|Any CPU
		{E69ACAC0-16DB-4AB9-BB4A-03EC33538D1E}.Debug|Any CPU.Build.0 = Debug|Any CPU
		{E69ACAC0-16DB-4AB9-BB4A-03EC33538D1E}.Debug|x64.ActiveCfg = Debug|x64
		{E69ACAC0-16DB-4AB9-BB4A-03EC33538D1E}.Debug|x64.Build.0 = Debug|x64
		{E69ACAC0-16DB-4AB9-BB4A-03EC33538D1E}.Debug|x86.ActiveCfg = Debug|x86
		{E69ACAC0-16DB-4AB9-BB4A-03EC33538D1E}.Debug|x86.Build.0 = Debug|x86
		{E69ACAC0-16DB-4AB9-BB4A-03EC33538D1E}.Release|Any CPU.ActiveCfg = Release|Any CPU
		{E69ACAC0-16DB-4AB9-BB4A-03EC33538D1E}.Release|Any CPU.Build.0 = Release|Any CPU
		{E69ACAC0-16DB-4AB9-BB4A-03EC33538D1E}.Release|x64.ActiveCfg = Release|x64
		{E69ACAC0-16DB-4AB9-BB4A-03EC33538D1E}.Release|x64.Build.0 = Release|x64
		{E69ACAC0-16DB-4AB9-BB4A-03EC33538D1E}.Release|x86.ActiveCfg = Release|x86
		{E69ACAC0-16DB-4AB9-BB4A-03EC33538D1E}.Release|x86.Build.0 = Release|x86
		{836424C9-8003-4C0F-84E1-2C17FE498648}.Debug|Any CPU.ActiveCfg = Debug|Any CPU
		{836424C9-8003-4C0F-84E1-2C17FE498648}.Debug|Any CPU.Build.0 = Debug|Any CPU
		{836424C9-8003-4C0F-84E1-2C17FE498648}.Debug|x64.ActiveCfg = Debug|x64
		{836424C9-8003-4C0F-84E1-2C17FE498648}.Debug|x64.Build.0 = Debug|x64
		{836424C9-8003-4C0F-84E1-2C17FE498648}.Debug|x86.ActiveCfg = Debug|x86
		{836424C9-8003-4C0F-84E1-2C17FE498648}.Debug|x86.Build.0 = Debug|x86
		{836424C9-8003-4C0F-84E1-2C17FE498648}.Release|Any CPU.ActiveCfg = Release|Any CPU
		{836424C9-8003-4C0F-84E1-2C17FE498648}.Release|Any CPU.Build.0 = Release|Any CPU
		{836424C9-8003-4C0F-84E1-2C17FE498648}.Release|x64.ActiveCfg = Release|x64
		{836424C9-8003-4C0F-84E1-2C17FE498648}.Release|x64.Build.0 = Release|x64
		{836424C9-8003-4C0F-84E1-2C17FE498648}.Release|x86.ActiveCfg = Release|x86
		{836424C9-8003-4C0F-84E1-2C17FE498648}.Release|x86.Build.0 = Release|x86
	EndGlobalSection
	GlobalSection(SolutionProperties) = preSolution
		HideSolutionNode = FALSE
	EndGlobalSection
	GlobalSection(ExtensibilityGlobals) = postSolution
		SolutionGuid = {222B89C5-FC73-4A1A-AF3C-8BEB9CEF8EB3}
	EndGlobalSection
EndGlobal
