
Microsoft Visual Studio Solution File, Format Version 12.00
# Visual Studio 14
VisualStudioVersion = 14.0.25420.1
MinimumVisualStudioVersion = 10.0.40219.1
Project("{FAE04EC0-301F-11D3-BF4B-00C04F79EFBC}") = "Reinforced.Typings", "Reinforced.Typings\Reinforced.Typings.csproj", "{2A5CCD5C-E660-4088-8937-9632ABBBCDBB}"
EndProject
Project("{FAE04EC0-301F-11D3-BF4B-00C04F79EFBC}") = "Reinforced.Typings.Cli", "Reinforced.Typings.Cli\Reinforced.Typings.Cli.csproj", "{006290E6-CC0D-4222-87F8-9E67469AD2C9}"
EndProject
Project("{FAE04EC0-301F-11D3-BF4B-00C04F79EFBC}") = "Reinforced.Typings.Integrate", "Reinforced.Typings.Integrate\Reinforced.Typings.Integrate.csproj", "{F4830436-B660-4FAF-8F1B-4ADD0732AF02}"
EndProject
Project("{2150E333-8FDC-42A3-9474-1A3956D46DE8}") = ".nuget", ".nuget", "{4AFAD24C-908C-42B9-9D2C-99BB6F8243B7}"
	ProjectSection(SolutionItems) = preProject
		.nuget\NuGet.Config = .nuget\NuGet.Config
		.nuget\NuGet.exe = .nuget\NuGet.exe
		.nuget\NuGet.targets = .nuget\NuGet.targets
	EndProjectSection
EndProject
Project("{FAE04EC0-301F-11D3-BF4B-00C04F79EFBC}") = "Reinforced.Typings.Tests", "Reinforced.Typings.Tests\Reinforced.Typings.Tests.csproj", "{5D126898-7E5D-4967-8732-3FC8722F532E}"
EndProject
Project("{FAE04EC0-301F-11D3-BF4B-00C04F79EFBC}") = "TestFluentAssembly", "TestFluentAssembly\TestFluentAssembly.csproj", "{E7E010D2-1CE5-4877-ABA7-36EA8EC62118}"
EndProject
Global
	GlobalSection(SolutionConfigurationPlatforms) = preSolution
		Debug|Any CPU = Debug|Any CPU
		Release|Any CPU = Release|Any CPU
	EndGlobalSection
	GlobalSection(ProjectConfigurationPlatforms) = postSolution
		{2A5CCD5C-E660-4088-8937-9632ABBBCDBB}.Debug|Any CPU.ActiveCfg = Debug|Any CPU
		{2A5CCD5C-E660-4088-8937-9632ABBBCDBB}.Debug|Any CPU.Build.0 = Debug|Any CPU
		{2A5CCD5C-E660-4088-8937-9632ABBBCDBB}.Release|Any CPU.ActiveCfg = Release|Any CPU
		{2A5CCD5C-E660-4088-8937-9632ABBBCDBB}.Release|Any CPU.Build.0 = Release|Any CPU
		{006290E6-CC0D-4222-87F8-9E67469AD2C9}.Debug|Any CPU.ActiveCfg = Debug|Any CPU
		{006290E6-CC0D-4222-87F8-9E67469AD2C9}.Debug|Any CPU.Build.0 = Debug|Any CPU
		{006290E6-CC0D-4222-87F8-9E67469AD2C9}.Release|Any CPU.ActiveCfg = Release|Any CPU
		{006290E6-CC0D-4222-87F8-9E67469AD2C9}.Release|Any CPU.Build.0 = Release|Any CPU
		{F4830436-B660-4FAF-8F1B-4ADD0732AF02}.Debug|Any CPU.ActiveCfg = Debug|Any CPU
		{F4830436-B660-4FAF-8F1B-4ADD0732AF02}.Debug|Any CPU.Build.0 = Debug|Any CPU
		{F4830436-B660-4FAF-8F1B-4ADD0732AF02}.Release|Any CPU.ActiveCfg = Release|Any CPU
		{F4830436-B660-4FAF-8F1B-4ADD0732AF02}.Release|Any CPU.Build.0 = Release|Any CPU
		{5D126898-7E5D-4967-8732-3FC8722F532E}.Debug|Any CPU.ActiveCfg = Debug|Any CPU
		{5D126898-7E5D-4967-8732-3FC8722F532E}.Debug|Any CPU.Build.0 = Debug|Any CPU
		{5D126898-7E5D-4967-8732-3FC8722F532E}.Release|Any CPU.ActiveCfg = Release|Any CPU
		{5D126898-7E5D-4967-8732-3FC8722F532E}.Release|Any CPU.Build.0 = Release|Any CPU
		{E7E010D2-1CE5-4877-ABA7-36EA8EC62118}.Debug|Any CPU.ActiveCfg = Debug|Any CPU
		{E7E010D2-1CE5-4877-ABA7-36EA8EC62118}.Debug|Any CPU.Build.0 = Debug|Any CPU
		{E7E010D2-1CE5-4877-ABA7-36EA8EC62118}.Release|Any CPU.ActiveCfg = Release|Any CPU
		{E7E010D2-1CE5-4877-ABA7-36EA8EC62118}.Release|Any CPU.Build.0 = Release|Any CPU
	EndGlobalSection
	GlobalSection(SolutionProperties) = preSolution
		HideSolutionNode = FALSE
	EndGlobalSection
EndGlobal
